{
  "name": "datarelay-control-foundation-compatibility",
  "version": "0.1.0",
  "lockfileVersion": 3,
  "requires": true,
  "packages": {
    "": {
      "name": "datarelay-control-foundation-compatibility",
      "version": "0.1.0",
      "dependencies": {
        "@datarelay-labs/auth-ui": "0.1.0-rc.2",
        "@datarelay-labs/foundation": "0.1.0-rc.2",
        "@datarelay-labs/foundation-cli": "0.1.0-rc.2",
        "@datarelay-labs/icons": "0.1.0-rc.2",
        "@datarelay-labs/product-shell": "0.1.0-rc.2",
        "@datarelay-labs/system-admin-ui": "0.1.0-rc.2",
        "@datarelay-labs/system-contracts": "0.1.0-rc.2",
        "@datarelay-labs/testkit": "0.1.0-rc.2",
        "@datarelay-labs/tokens": "0.1.0-rc.2",
        "@datarelay-labs/ui": "0.1.0-rc.2"
      }
    },
    "node_modules/@datarelay-labs/auth-ui": {
      "version": "0.1.0-rc.2",
      "resolved": "https://npm.pkg.github.com/download/@datarelay-labs/auth-ui/0.1.0-rc.2/318584b89180c46878f833d2e80b2ccf2172470e",
      "integrity": "sha512-PqeYz3FvnEULfzt5C3MKbya61ldKhtzbXPqbKJN7gICVGVsatREFr9Fe6Ze4lG4CwdQo1+ylLr8HpotOP/BvLg==",
      "license": "UNLICENSED",
      "dependencies": {
        "@datarelay-labs/ui": "0.1.0-rc.2"
      },
      "peerDependencies": {
        "react": "^19.0.0",
        "react-dom": "^19.0.0"
      }
    },
    "node_modules/@datarelay-labs/foundation": {
      "version": "0.1.0-rc.2",
      "resolved": "https://npm.pkg.github.com/download/@datarelay-labs/foundation/0.1.0-rc.2/3846e69828b381df5ba1fc9d8008c2c5bb6b3083",
      "integrity": "sha512-NRIIHgiH3704SgkRctLCfJSKghO2s3R7+x5C31dV6+8tqNSAWRxZ83D8P9+8MzZzVDp91Y7KoQde9HEE8AwKyw==",
      "license": "UNLICENSED",
      "dependencies": {
        "@datarelay-labs/auth-ui": "0.1.0-rc.2",
        "@datarelay-labs/icons": "0.1.0-rc.2",
        "@datarelay-labs/product-shell": "0.1.0-rc.2",
        "@datarelay-labs/system-admin-ui": "0.1.0-rc.2",
        "@datarelay-labs/system-contracts": "0.1.0-rc.2",
        "@datarelay-labs/tokens": "0.1.0-rc.2",
        "@datarelay-labs/ui": "0.1.0-rc.2"
      },
      "peerDependencies": {
        "react": "^19.0.0",
        "react-dom": "^19.0.0"
      }
    },
    "node_modules/@datarelay-labs/foundation-cli": {
      "version": "0.1.0-rc.2",
      "resolved": "https://npm.pkg.github.com/download/@datarelay-labs/foundation-cli/0.1.0-rc.2/bc75002243176171e481b78eba777d16f092c6ce",
      "integrity": "sha512-SMIs2vd7RJwQ3svj7/Kqpg8WwbQmwwynWVdnGZK8dX6cdad+X+2In/TvOxFnC7GBLsuw8KASiZlQ62ALovJEmw==",
      "license": "UNLICENSED",
      "bin": {
        "datarelay-foundation": "src/cli.mjs"
      }
    },
    "node_modules/@datarelay-labs/icons": {
      "version": "0.1.0-rc.2",
      "resolved": "https://npm.pkg.github.com/download/@datarelay-labs/icons/0.1.0-rc.2/830b472fed6f42c2149b2fa3548ac1ca98adb0b1",
      "integrity": "sha512-c9MMyoGahQyuSfMIVqRrVQwM5StZpEPlx6Z1KA5Ys9S9uroYEiUxg3UadxGoumMvrcXKBMYyzVazfilFjZcckQ==",
      "license": "UNLICENSED",
      "dependencies": {
        "lucide-react": "1.51.0"
      },
      "peerDependencies": {
        "react": "^19.0.0"
      }
    },
    "node_modules/@datarelay-labs/product-shell": {
      "version": "0.1.0-rc.2",
      "resolved": "https://npm.pkg.github.com/download/@datarelay-labs/product-shell/0.1.0-rc.2/d8c38b3444d60222d3eaaa5c23b4a72a6cb263cf",
      "integrity": "sha512-fVWLPCxdfk9EZFudKR8Xr9Zl7E4sW1C/+kjQm2mgrTRLJ4f8WDvLuN97g93D+PCK4Sq7bOXhxrrBCpJ4Vhq7MQ==",
      "license": "UNLICENSED",
      "dependencies": {
        "@datarelay-labs/icons": "0.1.0-rc.2"
      },
      "peerDependencies": {
        "react": "^19.0.0",
        "react-dom": "^19.0.0"
      }
    },
    "node_modules/@datarelay-labs/system-admin-ui": {
      "version": "0.1.0-rc.2",
      "resolved": "https://npm.pkg.github.com/download/@datarelay-labs/system-admin-ui/0.1.0-rc.2/108836779e8256f64226f1c5f26002d21dcb9b8b",
      "integrity": "sha512-pDw/x4LeiRSB24A8YIsPoU4JE4dT0h+O7ZbnDIQF7S9csA5XYMLAYHiok121PAZ5M9nsbyZea5NjaWKvy9K05Q==",
      "license": "UNLICENSED",
      "dependencies": {
        "@datarelay-labs/system-contracts": "0.1.0-rc.2",
        "@datarelay-labs/ui": "0.1.0-rc.2"
      },
      "peerDependencies": {
        "react": "^19.0.0",
        "react-dom": "^19.0.0"
      }
    },
    "node_modules/@datarelay-labs/system-contracts": {
      "version": "0.1.0-rc.2",
      "resolved": "https://npm.pkg.github.com/download/@datarelay-labs/system-contracts/0.1.0-rc.2/cf4f9a6ab1eec24e8441960f03bc28b5ee74555e",
      "integrity": "sha512-Z0xu/MeJjK+rBO6wkUnNg2LnYOptpi241cBsp4iLm1GXbpiGQeeopMPuZSa7UQPhVqttx389yyJUD4+9jY87zA==",
      "license": "UNLICENSED"
    },
    "node_modules/@datarelay-labs/testkit": {
      "version": "0.1.0-rc.2",
      "resolved": "https://npm.pkg.github.com/download/@datarelay-labs/testkit/0.1.0-rc.2/7b6ceb0f984a4579898c7bc655a39d7e36d4c8df",
      "integrity": "sha512-F3Mou6qK9unWR0SyK2ZvLUs/9LxaxEPqL4KYQtyCO8YfYkwlSIu1ADCPjl8FLM47g6I4I/GEKGxaiRZ3tiDMlw==",
      "license": "UNLICENSED",
      "dependencies": {
        "@datarelay-labs/auth-ui": "0.1.0-rc.2",
        "@datarelay-labs/system-contracts": "0.1.0-rc.2"
      }
    },
    "node_modules/@datarelay-labs/tokens": {
      "version": "0.1.0-rc.2",
      "resolved": "https://npm.pkg.github.com/download/@datarelay-labs/tokens/0.1.0-rc.2/dde9e4c11a10d8d5e78f3b78b06be831fe751bf2",
      "integrity": "sha512-qKr1dz0qtrVyVONX5c6l6pDLWnNrZquIeXyuLkJxe0YREllTguziHWOf1WW3Pfh9SOgGtiD2agLXxEuB+jprkQ==",
      "license": "UNLICENSED"
    },
    "node_modules/@datarelay-labs/ui": {
      "version": "0.1.0-rc.2",
      "resolved": "https://npm.pkg.github.com/download/@datarelay-labs/ui/0.1.0-rc.2/f3f2debac1d4618ec38bac65a4eaf4d01ae51fca",
      "integrity": "sha512-Q8jWd4wY+fm6+hV3rrFqxgOOlDkyGAj8MHfGWiKr8Pk69zqdSRYhnN07t5Cuvb2fve6xgoLPPBtH45wf0OMUYQ==",
      "license": "UNLICENSED",
      "dependencies": {
        "@datarelay-labs/icons": "0.1.0-rc.2",
        "@datarelay-labs/tokens": "0.1.0-rc.2"
      },
      "peerDependencies": {
        "react": "^19.0.0",
        "react-dom": "^19.0.0"
      }
    },
    "node_modules/lucide-react": {
      "version": "1.51.0",
      "resolved": "https://registry.npmjs.org/lucide-react/-/lucide-react-1.51.0.tgz",
      "integrity": "sha512-9929jimol5y7VbXUlVKcgURMSeIxFJB7dtWCkRAaNnF7KiCRkSkhmqWPUmAmUFYPezNawFk6qvz3Mu0gEnfI4g==",
      "license": "ISC",
      "peerDependencies": {
        "@types/react": "*",
        "react": "^16.5.1 || ^17.0.0 || ^18.0.0 || ^19.0.0"
      },
      "peerDependenciesMeta": {
        "@types/react": {
          "optional": true
        }
      }
    },
    "node_modules/react": {
      "version": "19.3.0",
      "resolved": "https://registry.npmjs.org/react/-/react-19.3.0.tgz",
      "integrity": "sha512-E8LUcbtBWt20bbl2YoHfx4ZDBdxVTfOKtCZn9cDSJ4l6/nuoApcpIBcj47t2wZoVX8g2ZHuMHbiShgCR1T5Sog==",
      "license": "MIT",
      "peer": true,
      "engines": {
        "node": ">=0.10.0"
      }
    },
    "node_modules/react-dom": {
      "version": "19.3.0",
      "resolved": "https://registry.npmjs.org/react-dom/-/react-dom-19.3.0.tgz",
      "integrity": "sha512-JDk8dgif51OjFoDE70+OT9ICyYr+69HlmihNwp1+Nsfbna3t5sIiCa9ZJktDmQ4/1b/rn26hIAR2uYXDMr5r0Q==",
      "license": "MIT",
      "peer": true,
      "dependencies": {
        "scheduler": "^0.28.0"
      },
      "peerDependencies": {
        "react": "^19.3.0"
      }
    },
    "node_modules/scheduler": {
      "version": "0.28.0",
      "resolved": "https://registry.npmjs.org/scheduler/-/scheduler-0.28.0.tgz",
      "integrity": "sha512-juorfCmIkIw8tT+p5BXSm6PJjQF/ycEYmKyzURCIt/RaZIhL+PulbQ9Yu2z1HdOJDdqDTlxA1+xKBmHXJsczAw==",
      "license": "MIT",
      "peer": true
    }
  }
}
